
Microsoft Visual Studio Solution File, Format Version 12.00
# Visual Studio Version 17
VisualStudioVersion = 17.2.32630.192
MinimumVisualStudioVersion = 10.0.40219.1
Project("{FAE04EC0-301F-11D3-BF4B-00C04F79EFBC}") = "MIPIS_LAB1", "MIPIS_LAB1.csproj", "{8A274EB2-1597-4D13-BC94-DA8EC12F9760}"
EndProject
Global
	GlobalSection(SolutionConfigurationPlatforms) = preSolution
		Debug|Any CPU = Debug|Any CPU
		Release|Any CPU = Release|Any CPU
	EndGlobalSection
	GlobalSection(ProjectConfigurationPlatforms) = postSolution
		{8A274EB2-1597-4D13-BC94-DA8EC12F9760}.Debug|Any CPU.ActiveCfg = Debug|Any CPU
		{8A274EB2-1597-4D13-BC94-DA8EC12F9760}.Debug|Any CPU.Build.0 = Debug|Any CPU
		{8A274EB2-1597-4D13-BC94-DA8EC12F9760}.Release|Any CPU.ActiveCfg = Release|Any CPU
		{8A274EB2-1597-4D13-BC94-DA8EC12F9760}.Release|Any CPU.Build.0 = Release|Any CPU
	EndGlobalSection
	GlobalSection(SolutionProperties) = preSolution
		HideSolutionNode = FALSE
	EndGlobalSection
	GlobalSection(ExtensibilityGlobals) = postSolution
		SolutionGuid = {A957AAC1-5B67-4479-B31A-FE415521FDF6}
	EndGlobalSection
EndGlobal
